
Microsoft Visual Studio Solution File, Format Version 12.00
# Visual Studio Version 17
VisualStudioVersion = 17.13.35919.96 d17.13
MinimumVisualStudioVersion = 10.0.40219.1
Project("{FAE04EC0-301F-11D3-BF4B-00C04F79EFBC}") = "Gerenciador de Terefas", "Gerenciador de Terefas\Gerenciador de Terefas.csproj", "{EB826B62-9854-4A6E-B68D-9545110C236D}"
EndProject
Global
	GlobalSection(SolutionConfigurationPlatforms) = preSolution
		Debug|Any CPU = Debug|Any CPU
		Release|Any CPU = Release|Any CPU
	EndGlobalSection
	GlobalSection(ProjectConfigurationPlatforms) = postSolution
		{EB826B62-9854-4A6E-B68D-9545110C236D}.Debug|Any CPU.ActiveCfg = Debug|Any CPU
		{EB826B62-9854-4A6E-B68D-9545110C236D}.Debug|Any CPU.Build.0 = Debug|Any CPU
		{EB826B62-9854-4A6E-B68D-9545110C236D}.Release|Any CPU.ActiveCfg = Release|Any CPU
		{EB826B62-9854-4A6E-B68D-9545110C236D}.Release|Any CPU.Build.0 = Release|Any CPU
	EndGlobalSection
	GlobalSection(SolutionProperties) = preSolution
		HideSolutionNode = FALSE
	EndGlobalSection
	GlobalSection(ExtensibilityGlobals) = postSolution
		SolutionGuid = {C2654154-5367-4D10-849A-2CA28B930266}
	EndGlobalSection
EndGlobal
